
Microsoft Visual Studio Solution File, Format Version 12.00
# Visual Studio Version 16
VisualStudioVersion = 16.0.31025.194
MinimumVisualStudioVersion = 10.0.40219.1
Project("{FAE04EC0-301F-11D3-BF4B-00C04F79EFBC}") = "API-Interview", "API-Interview\API-Interview.csproj", "{B88D56DB-622B-4055-ABC6-E9E09BF2DC9A}"
EndProject
Global
	GlobalSection(SolutionConfigurationPlatforms) = preSolution
		Debug|Any CPU = Debug|Any CPU
		Release|Any CPU = Release|Any CPU
	EndGlobalSection
	GlobalSection(ProjectConfigurationPlatforms) = postSolution
		{B88D56DB-622B-4055-ABC6-E9E09BF2DC9A}.Debug|Any CPU.ActiveCfg = Debug|Any CPU
		{B88D56DB-622B-4055-ABC6-E9E09BF2DC9A}.Debug|Any CPU.Build.0 = Debug|Any CPU
		{B88D56DB-622B-4055-ABC6-E9E09BF2DC9A}.Release|Any CPU.ActiveCfg = Release|Any CPU
		{B88D56DB-622B-4055-ABC6-E9E09BF2DC9A}.Release|Any CPU.Build.0 = Release|Any CPU
	EndGlobalSection
	GlobalSection(SolutionProperties) = preSolution
		HideSolutionNode = FALSE
	EndGlobalSection
	GlobalSection(ExtensibilityGlobals) = postSolution
		SolutionGuid = {80893ABB-644F-4C5E-9E00-748C6F64C6DF}
	EndGlobalSection
EndGlobal
